
Microsoft Visual Studio Solution File, Format Version 12.00
# Visual Studio Version 16
VisualStudioVersion = 16.0.28803.352
MinimumVisualStudioVersion = 10.0.40219.1
Project("{FAE04EC0-301F-11D3-BF4B-00C04F79EFBC}") = "A.5_WCFServer", "A.5_WCFServer\A.5_WCFServer.csproj", "{16520DA2-CA54-4317-8292-3B2383ABB004}"
EndProject
Global
	GlobalSection(SolutionConfigurationPlatforms) = preSolution
		Debug|Any CPU = Debug|Any CPU
		Release|Any CPU = Release|Any CPU
	EndGlobalSection
	GlobalSection(ProjectConfigurationPlatforms) = postSolution
		{16520DA2-CA54-4317-8292-3B2383ABB004}.Debug|Any CPU.ActiveCfg = Debug|Any CPU
		{16520DA2-CA54-4317-8292-3B2383ABB004}.Debug|Any CPU.Build.0 = Debug|Any CPU
		{16520DA2-CA54-4317-8292-3B2383ABB004}.Release|Any CPU.ActiveCfg = Release|Any CPU
		{16520DA2-CA54-4317-8292-3B2383ABB004}.Release|Any CPU.Build.0 = Release|Any CPU
	EndGlobalSection
	GlobalSection(SolutionProperties) = preSolution
		HideSolutionNode = FALSE
	EndGlobalSection
	GlobalSection(ExtensibilityGlobals) = postSolution
		SolutionGuid = {C008356A-6878-4C0E-A56E-DFC6034804B0}
	EndGlobalSection
EndGlobal
