
Microsoft Visual Studio Solution File, Format Version 12.00
# Visual Studio Version 16
VisualStudioVersion = 16.0.28803.352
MinimumVisualStudioVersion = 10.0.40219.1
Project("{FAE04EC0-301F-11D3-BF4B-00C04F79EFBC}") = "A.5_Client", "A.5_Client\A.5_Client.csproj", "{BDC4CF46-E386-49C7-9788-B199A0DEDE7F}"
EndProject
Project("{FAE04EC0-301F-11D3-BF4B-00C04F79EFBC}") = "A.5_Server", "A.5_Server\A.5_Server.csproj", "{3AC4C4DF-00D9-4B3A-B882-EDB53DFCF556}"
EndProject
Global
	GlobalSection(SolutionConfigurationPlatforms) = preSolution
		Debug|Any CPU = Debug|Any CPU
		Release|Any CPU = Release|Any CPU
	EndGlobalSection
	GlobalSection(ProjectConfigurationPlatforms) = postSolution
		{BDC4CF46-E386-49C7-9788-B199A0DEDE7F}.Debug|Any CPU.ActiveCfg = Debug|Any CPU
		{BDC4CF46-E386-49C7-9788-B199A0DEDE7F}.Debug|Any CPU.Build.0 = Debug|Any CPU
		{BDC4CF46-E386-49C7-9788-B199A0DEDE7F}.Release|Any CPU.ActiveCfg = Release|Any CPU
		{BDC4CF46-E386-49C7-9788-B199A0DEDE7F}.Release|Any CPU.Build.0 = Release|Any CPU
		{3AC4C4DF-00D9-4B3A-B882-EDB53DFCF556}.Debug|Any CPU.ActiveCfg = Debug|Any CPU
		{3AC4C4DF-00D9-4B3A-B882-EDB53DFCF556}.Debug|Any CPU.Build.0 = Debug|Any CPU
		{3AC4C4DF-00D9-4B3A-B882-EDB53DFCF556}.Release|Any CPU.ActiveCfg = Release|Any CPU
		{3AC4C4DF-00D9-4B3A-B882-EDB53DFCF556}.Release|Any CPU.Build.0 = Release|Any CPU
	EndGlobalSection
	GlobalSection(SolutionProperties) = preSolution
		HideSolutionNode = FALSE
	EndGlobalSection
	GlobalSection(ExtensibilityGlobals) = postSolution
		SolutionGuid = {A04B73F4-4EFC-4367-BA62-A7234F382BB5}
	EndGlobalSection
EndGlobal
